// !$*UTF8*$!
{
	archiveVersion = 1;
	classes = {
	};
	objectVersion = 56;
	objects = {

/* Begin PBXBuildFile section */
		2D1EE548294CF2C70008CBC4 /* manyCardsViewController.swift in Sources */ = {isa = PBXBuildFile; fileRef = 2D1EE547294CF2C70008CBC4 /* manyCardsViewController.swift */; };
		2D1EE54C294D10CF0008CBC4 /* CardBehavior.swift in Sources */ = {isa = PBXBuildFile; fileRef = 2D1EE54B294D10CF0008CBC4 /* CardBehavior.swift */; };
		2D5D2F2C2948D5810001C6AA /* AppDelegate.swift in Sources */ = {isa = PBXBuildFile; fileRef = 2D5D2F2B2948D5810001C6AA /* AppDelegate.swift */; };
		2D5D2F2E2948D5810001C6AA /* SceneDelegate.swift in Sources */ = {isa = PBXBuildFile; fileRef = 2D5D2F2D2948D5810001C6AA /* SceneDelegate.swift */; };
		2D5D2F302948D5810001C6AA /* ViewController.swift in Sources */ = {isa = PBXBuildFile; fileRef = 2D5D2F2F2948D5810001C6AA /* ViewController.swift */; };
		2D5D2F332948D5810001C6AA /* Main.storyboard in Resources */ = {isa = PBXBuildFile; fileRef = 2D5D2F312948D5810001C6AA /* Main.storyboard */; };
		2D5D2F352948D5830001C6AA /* Assets.xcassets in Resources */ = {isa = PBXBuildFile; fileRef = 2D5D2F342948D5830001C6AA /* Assets.xcassets */; };
		2D5D2F382948D5830001C6AA /* LaunchScreen.storyboard in Resources */ = {isa = PBXBuildFile; fileRef = 2D5D2F362948D5830001C6AA /* LaunchScreen.storyboard */; };
		2D5D2F412948D6210001C6AA /* PlayingCard.swift in Sources */ = {isa = PBXBuildFile; fileRef = 2D5D2F402948D6210001C6AA /* PlayingCard.swift */; };
		2D5D2F432948DBDB0001C6AA /* PlayingCardDeck.swift in Sources */ = {isa = PBXBuildFile; fileRef = 2D5D2F422948DBDB0001C6AA /* PlayingCardDeck.swift */; };
		2D5D2F452949E4680001C6AA /* PlayingCardView.swift in Sources */ = {isa = PBXBuildFile; fileRef = 2D5D2F442949E4680001C6AA /* PlayingCardView.swift */; };
/* End PBXBuildFile section */

/* Begin PBXFileReference section */
		2D1EE547294CF2C70008CBC4 /* manyCardsViewController.swift */ = {isa = PBXFileReference; lastKnownFileType = sourcecode.swift; path = manyCardsViewController.swift; sourceTree = "<group>"; };
		2D1EE54B294D10CF0008CBC4 /* CardBehavior.swift */ = {isa = PBXFileReference; lastKnownFileType = sourcecode.swift; path = CardBehavior.swift; sourceTree = "<group>"; };
		2D5D2F282948D5810001C6AA /* PlayingCard.app */ = {isa = PBXFileReference; explicitFileType = wrapper.application; includeInIndex = 0; path = PlayingCard.app; sourceTree = BUILT_PRODUCTS_DIR; };
		2D5D2F2B2948D5810001C6AA /* AppDelegate.swift */ = {isa = PBXFileReference; lastKnownFileType = sourcecode.swift; path = AppDelegate.swift; sourceTree = "<group>"; };
		2D5D2F2D2948D5810001C6AA /* SceneDelegate.swift */ = {isa = PBXFileReference; lastKnownFileType = sourcecode.swift; path = SceneDelegate.swift; sourceTree = "<group>"; };
		2D5D2F2F2948D5810001C6AA /* ViewController.swift */ = {isa = PBXFileReference; lastKnownFileType = sourcecode.swift; path = ViewController.swift; sourceTree = "<group>"; };
		2D5D2F322948D5810001C6AA /* Base */ = {isa = PBXFileReference; lastKnownFileType = file.storyboard; name = Base; path = Base.lproj/Main.storyboard; sourceTree = "<group>"; };
		2D5D2F342948D5830001C6AA /* Assets.xcassets */ = {isa = PBXFileReference; lastKnownFileType = folder.assetcatalog; path = Assets.xcassets; sourceTree = "<group>"; };
		2D5D2F372948D5830001C6AA /* Base */ = {isa = PBXFileReference; lastKnownFileType = file.storyboard; name = Base; path = Base.lproj/LaunchScreen.storyboard; sourceTree = "<group>"; };
		2D5D2F392948D5830001C6AA /* Info.plist */ = {isa = PBXFileReference; lastKnownFileType = text.plist.xml; path = Info.plist; sourceTree = "<group>"; };
		2D5D2F402948D6210001C6AA /* PlayingCard.swift */ = {isa = PBXFileReference; lastKnownFileType = sourcecode.swift; path = PlayingCard.swift; sourceTree = "<group>"; };
		2D5D2F422948DBDB0001C6AA /* PlayingCardDeck.swift */ = {isa = PBXFileReference; lastKnownFileType = sourcecode.swift; path = PlayingCardDeck.swift; sourceTree = "<group>"; };
		2D5D2F442949E4680001C6AA /* PlayingCardView.swift */ = {isa = PBXFileReference; lastKnownFileType = sourcecode.swift; path = PlayingCardView.swift; sourceTree = "<group>"; };
/* End PBXFileReference section */

/* Begin PBXFrameworksBuildPhase section */
		2D5D2F252948D5810001C6AA /* Frameworks */ = {
			isa = PBXFrameworksBuildPhase;
			buildActionMask = 2147483647;
			files = (
			);
			runOnlyForDeploymentPostprocessing = 0;
		};
/* End PBXFrameworksBuildPhase section */

/* Begin PBXGroup section */
		2D5D2F1F2948D5810001C6AA = {
			isa = PBXGroup;
			children = (
				2D5D2F2A2948D5810001C6AA /* PlayingCard */,
				2D5D2F292948D5810001C6AA /* Products */,
			);
			sourceTree = "<group>";
		};
		2D5D2F292948D5810001C6AA /* Products */ = {
			isa = PBXGroup;
			children = (
				2D5D2F282948D5810001C6AA /* PlayingCard.app */,
			);
			name = Products;
			sourceTree = "<group>";
		};
		2D5D2F2A2948D5810001C6AA /* PlayingCard */ = {
			isa = PBXGroup;
			children = (
				2D5D2F312948D5810001C6AA /* Main.storyboard */,
				2D1EE547294CF2C70008CBC4 /* manyCardsViewController.swift */,
				2D1EE54B294D10CF0008CBC4 /* CardBehavior.swift */,
				2D5D2F402948D6210001C6AA /* PlayingCard.swift */,
				2D5D2F442949E4680001C6AA /* PlayingCardView.swift */,
				2D5D2F422948DBDB0001C6AA /* PlayingCardDeck.swift */,
				2D5D2F2F2948D5810001C6AA /* ViewController.swift */,
				2D5D2F2D2948D5810001C6AA /* SceneDelegate.swift */,
				2D5D2F342948D5830001C6AA /* Assets.xcassets */,
				2D5D2F3F2948D5B80001C6AA /*  Supporting files */,
				2D5D2F392948D5830001C6AA /* Info.plist */,
			);
			path = PlayingCard;
			sourceTree = "<group>";
		};
		2D5D2F3F2948D5B80001C6AA /*  Supporting files */ = {
			isa = PBXGroup;
			children = (
				2D5D2F2B2948D5810001C6AA /* AppDelegate.swift */,
				2D5D2F362948D5830001C6AA /* LaunchScreen.storyboard */,
			);
			path = " Supporting files";
			sourceTree = "<group>";
		};
/* End PBXGroup section */

/* Begin PBXNativeTarget section */
		2D5D2F272948D5810001C6AA /* PlayingCard */ = {
			isa = PBXNativeTarget;
			buildConfigurationList = 2D5D2F3C2948D5830001C6AA /* Build configuration list for PBXNativeTarget "PlayingCard" */;
			buildPhases = (
				2D5D2F242948D5810001C6AA /* Sources */,
				2D5D2F252948D5810001C6AA /* Frameworks */,
				2D5D2F262948D5810001C6AA /* Resources */,
			);
			buildRules = (
			);
			dependencies = (
			);
			name = PlayingCard;
			productName = PlayingCard;
			productReference = 2D5D2F282948D5810001C6AA /* PlayingCard.app */;
			productType = "com.apple.product-type.application";
		};
/* End PBXNativeTarget section */

/* Begin PBXProject section */
		2D5D2F202948D5810001C6AA /* Project object */ = {
			isa = PBXProject;
			attributes = {
				BuildIndependentTargetsInParallel = 1;
				LastSwiftUpdateCheck = 1410;
				LastUpgradeCheck = 1410;
				TargetAttributes = {
					2D5D2F272948D5810001C6AA = {
						CreatedOnToolsVersion = 14.1;
					};
				};
			};
			buildConfigurationList = 2D5D2F232948D5810001C6AA /* Build configuration list for PBXProject "PlayingCard" */;
			compatibilityVersion = "Xcode 14.0";
			developmentRegion = en;
			hasScannedForEncodings = 0;
			knownRegions = (
				en,
				Base,
			);
			mainGroup = 2D5D2F1F2948D5810001C6AA;
			productRefGroup = 2D5D2F292948D5810001C6AA /* Products */;
			projectDirPath = "";
			projectRoot = "";
			targets = (
				2D5D2F272948D5810001C6AA /* PlayingCard */,
			);
		};
/* End PBXProject section */

/* Begin PBXResourcesBuildPhase section */
		2D5D2F262948D5810001C6AA /* Resources */ = {
			isa = PBXResourcesBuildPhase;
			buildActionMask = 2147483647;
			files = (
				2D5D2F382948D5830001C6AA /* LaunchScreen.storyboard in Resources */,
				2D5D2F352948D5830001C6AA /* Assets.xcassets in Resources */,
				2D5D2F332948D5810001C6AA /* Main.storyboard in Resources */,
			);
			runOnlyForDeploymentPostprocessing = 0;
		};
/* End PBXResourcesBuildPhase section */

/* Begin PBXSourcesBuildPhase section */
		2D5D2F242948D5810001C6AA /* Sources */ = {
			isa = PBXSourcesBuildPhase;
			buildActionMask = 2147483647;
			files = (
				2D5D2F302948D5810001C6AA /* ViewController.swift in Sources */,
				2D5D2F452949E4680001C6AA /* PlayingCardView.swift in Sources */,
				2D5D2F2C2948D5810001C6AA /* AppDelegate.swift in Sources */,
				2D5D2F432948DBDB0001C6AA /* PlayingCardDeck.swift in Sources */,
				2D1EE548294CF2C70008CBC4 /* manyCardsViewController.swift in Sources */,
				2D5D2F412948D6210001C6AA /* PlayingCard.swift in Sources */,
				2D5D2F2E2948D5810001C6AA /* SceneDelegate.swift in Sources */,
				2D1EE54C294D10CF0008CBC4 /* CardBehavior.swift in Sources */,
			);
			runOnlyForDeploymentPostprocessing = 0;
		};
/* End PBXSourcesBuildPhase section */

/* Begin PBXVariantGroup section */
		2D5D2F312948D5810001C6AA /* Main.storyboard */ = {
			isa = PBXVariantGroup;
			children = (
				2D5D2F322948D5810001C6AA /* Base */,
			);
			name = Main.storyboard;
			sourceTree = "<group>";
		};
		2D5D2F362948D5830001C6AA /* LaunchScreen.storyboard */ = {
			isa = PBXVariantGroup;
			children = (
				2D5D2F372948D5830001C6AA /* Base */,
			);
			name = LaunchScreen.storyboard;
			sourceTree = "<group>";
		};
/* End PBXVariantGroup section */

/* Begin XCBuildConfiguration section */
		2D5D2F3A2948D5830001C6AA /* Debug */ = {
			isa = XCBuildConfiguration;
			buildSettings = {
				ALWAYS_SEARCH_USER_PATHS = NO;
				CLANG_ANALYZER_NONNULL = YES;
				CLANG_ANALYZER_NUMBER_OBJECT_CONVERSION = YES_AGGRESSIVE;
				CLANG_CXX_LANGUAGE_STANDARD = "gnu++20";
				CLANG_ENABLE_MODULES = YES;
				CLANG_ENABLE_OBJC_ARC = YES;
				CLANG_ENABLE_OBJC_WEAK = YES;
				CLANG_WARN_BLOCK_CAPTURE_AUTORELEASING = YES;
				CLANG_WARN_BOOL_CONVERSION = YES;
				CLANG_WARN_COMMA = YES;
				CLANG_WARN_CONSTANT_CONVERSION = YES;
				CLANG_WARN_DEPRECATED_OBJC_IMPLEMENTATIONS = YES;
				CLANG_WARN_DIRECT_OBJC_ISA_USAGE = YES_ERROR;
				CLANG_WARN_DOCUMENTATION_COMMENTS = YES;
				CLANG_WARN_EMPTY_BODY = YES;
				CLANG_WARN_ENUM_CONVERSION = YES;
				CLANG_WARN_INFINITE_RECURSION = YES;
				CLANG_WARN_INT_CONVERSION = YES;
				CLANG_WARN_NON_LITERAL_NULL_CONVERSION = YES;
				CLANG_WARN_OBJC_IMPLICIT_RETAIN_SELF = YES;
				CLANG_WARN_OBJC_LITERAL_CONVERSION = YES;
				CLANG_WARN_OBJC_ROOT_CLASS = YES_ERROR;
				CLANG_WARN_QUOTED_INCLUDE_IN_FRAMEWORK_HEADER = YES;
				CLANG_WARN_RANGE_LOOP_ANALYSIS = YES;
				CLANG_WARN_STRICT_PROTOTYPES = YES;
				CLANG_WARN_SUSPICIOUS_MOVE = YES;
				CLANG_WARN_UNGUARDED_AVAILABILITY = YES_AGGRESSIVE;
				CLANG_WARN_UNREACHABLE_CODE = YES;
				CLANG_WARN__DUPLICATE_METHOD_MATCH = YES;
				COPY_PHASE_STRIP = NO;
				DEBUG_INFORMATION_FORMAT = dwarf;
				ENABLE_STRICT_OBJC_MSGSEND = YES;
				ENABLE_TESTABILITY = YES;
				GCC_C_LANGUAGE_STANDARD = gnu11;
				GCC_DYNAMIC_NO_PIC = NO;
				GCC_NO_COMMON_BLOCKS = YES;
				GCC_OPTIMIZATION_LEVEL = 0;
				GCC_PREPROCESSOR_DEFINITIONS = (
					"DEBUG=1",
					"$(inherited)",
				);
				GCC_WARN_64_TO_32_BIT_CONVERSION = YES;
				GCC_WARN_ABOUT_RETURN_TYPE = YES_ERROR;
				GCC_WARN_UNDECLARED_SELECTOR = YES;
				GCC_WARN_UNINITIALIZED_AUTOS = YES_AGGRESSIVE;
				GCC_WARN_UNUSED_FUNCTION = YES;
				GCC_WARN_UNUSED_VARIABLE = YES;
				IPHONEOS_DEPLOYMENT_TARGET = 16.1;
				MTL_ENABLE_DEBUG_INFO = INCLUDE_SOURCE;
				MTL_FAST_MATH = YES;
				ONLY_ACTIVE_ARCH = YES;
				SDKROOT = iphoneos;
				SWIFT_ACTIVE_COMPILATION_CONDITIONS = DEBUG;
				SWIFT_OPTIMIZATION_LEVEL = "-Onone";
			};
			name = Debug;
		};
		2D5D2F3B2948D5830001C6AA /* Release */ = {
			isa = XCBuildConfiguration;
			buildSettings = {
				ALWAYS_SEARCH_USER_PATHS = NO;
				CLANG_ANALYZER_NONNULL = YES;
				CLANG_ANALYZER_NUMBER_OBJECT_CONVERSION = YES_AGGRESSIVE;
				CLANG_CXX_LANGUAGE_STANDARD = "gnu++20";
				CLANG_ENABLE_MODULES = YES;
				CLANG_ENABLE_OBJC_ARC = YES;
				CLANG_ENABLE_OBJC_WEAK = YES;
				CLANG_WARN_BLOCK_CAPTURE_AUTORELEASING = YES;
				CLANG_WARN_BOOL_CONVERSION = YES;
				CLANG_WARN_COMMA = YES;
				CLANG_WARN_CONSTANT_CONVERSION = YES;
				CLANG_WARN_DEPRECATED_OBJC_IMPLEMENTATIONS = YES;
				CLANG_WARN_DIRECT_OBJC_ISA_USAGE = YES_ERROR;
				CLANG_WARN_DOCUMENTATION_COMMENTS = YES;
				CLANG_WARN_EMPTY_BODY = YES;
				CLANG_WARN_ENUM_CONVERSION = YES;
				CLANG_WARN_INFINITE_RECURSION = YES;
				CLANG_WARN_INT_CONVERSION = YES;
				CLANG_WARN_NON_LITERAL_NULL_CONVERSION = YES;
				CLANG_WARN_OBJC_IMPLICIT_RETAIN_SELF = YES;
				CLANG_WARN_OBJC_LITERAL_CONVERSION = YES;
				CLANG_WARN_OBJC_ROOT_CLASS = YES_ERROR;
				CLANG_WARN_QUOTED_INCLUDE_IN_FRAMEWORK_HEADER = YES;
				CLANG_WARN_RANGE_LOOP_ANALYSIS = YES;
				CLANG_WARN_STRICT_PROTOTYPES = YES;
				CLANG_WARN_SUSPICIOUS_MOVE = YES;
				CLANG_WARN_UNGUARDED_AVAILABILITY = YES_AGGRESSIVE;
				CLANG_WARN_UNREACHABLE_CODE = YES;
				CLANG_WARN__DUPLICATE_METHOD_MATCH = YES;
				COPY_PHASE_STRIP = NO;
				DEBUG_INFORMATION_FORMAT = "dwarf-with-dsym";
				ENABLE_NS_ASSERTIONS = NO;
				ENABLE_STRICT_OBJC_MSGSEND = YES;
				GCC_C_LANGUAGE_STANDARD = gnu11;
				GCC_NO_COMMON_BLOCKS = YES;
				GCC_WARN_64_TO_32_BIT_CONVERSION = YES;
				GCC_WARN_ABOUT_RETURN_TYPE = YES_ERROR;
				GCC_WARN_UNDECLARED_SELECTOR = YES;
				GCC_WARN_UNINITIALIZED_AUTOS = YES_AGGRESSIVE;
				GCC_WARN_UNUSED_FUNCTION = YES;
				GCC_WARN_UNUSED_VARIABLE = YES;
				IPHONEOS_DEPLOYMENT_TARGET = 16.1;
				MTL_ENABLE_DEBUG_INFO = NO;
				MTL_FAST_MATH = YES;
				SDKROOT = iphoneos;
				SWIFT_COMPILATION_MODE = wholemodule;
				SWIFT_OPTIMIZATION_LEVEL = "-O";
				VALIDATE_PRODUCT = YES;
			};
			name = Release;
		};
		2D5D2F3D2948D5830001C6AA /* Debug */ = {
			isa = XCBuildConfiguration;
			buildSettings = {
				ASSETCATALOG_COMPILER_APPICON_NAME = AppIcon;
				ASSETCATALOG_COMPILER_GLOBAL_ACCENT_COLOR_NAME = AccentColor;
				CODE_SIGN_STYLE = Automatic;
				CURRENT_PROJECT_VERSION = 1;
				GENERATE_INFOPLIST_FILE = YES;
				INFOPLIST_FILE = PlayingCard/Info.plist;
				INFOPLIST_KEY_UIApplicationSupportsIndirectInputEvents = YES;
				INFOPLIST_KEY_UILaunchStoryboardName = LaunchScreen;
				INFOPLIST_KEY_UIMainStoryboardFile = Main;
				INFOPLIST_KEY_UISupportedInterfaceOrientations_iPad = "UIInterfaceOrientationPortrait UIInterfaceOrientationPortraitUpsideDown UIInterfaceOrientationLandscapeLeft UIInterfaceOrientationLandscapeRight";
				INFOPLIST_KEY_UISupportedInterfaceOrientations_iPhone = "UIInterfaceOrientationPortrait UIInterfaceOrientationLandscapeLeft UIInterfaceOrientationLandscapeRight";
				LD_RUNPATH_SEARCH_PATHS = (
					"$(inherited)",
					"@executable_path/Frameworks",
				);
				MARKETING_VERSION = 1.0;
				PRODUCT_BUNDLE_IDENTIFIER = Pavel.PlayingCard;
				PRODUCT_NAME = "$(TARGET_NAME)";
				SWIFT_EMIT_LOC_STRINGS = YES;
				SWIFT_VERSION = 5.0;
				TARGETED_DEVICE_FAMILY = "1,2";
			};
			name = Debug;
		};
		2D5D2F3E2948D5830001C6AA /* Release */ = {
			isa = XCBuildConfiguration;
			buildSettings = {
				ASSETCATALOG_COMPILER_APPICON_NAME = AppIcon;
				ASSETCATALOG_COMPILER_GLOBAL_ACCENT_COLOR_NAME = AccentColor;
				CODE_SIGN_STYLE = Automatic;
				CURRENT_PROJECT_VERSION = 1;
				GENERATE_INFOPLIST_FILE = YES;
				INFOPLIST_FILE = PlayingCard/Info.plist;
				INFOPLIST_KEY_UIApplicationSupportsIndirectInputEvents = YES;
				INFOPLIST_KEY_UILaunchStoryboardName = LaunchScreen;
				INFOPLIST_KEY_UIMainStoryboardFile = Main;
				INFOPLIST_KEY_UISupportedInterfaceOrientations_iPad = "UIInterfaceOrientationPortrait UIInterfaceOrientationPortraitUpsideDown UIInterfaceOrientationLandscapeLeft UIInterfaceOrientationLandscapeRight";
				INFOPLIST_KEY_UISupportedInterfaceOrientations_iPhone = "UIInterfaceOrientationPortrait UIInterfaceOrientationLandscapeLeft UIInterfaceOrientationLandscapeRight";
				LD_RUNPATH_SEARCH_PATHS = (
					"$(inherited)",
					"@executable_path/Frameworks",
				);
				MARKETING_VERSION = 1.0;
				PRODUCT_BUNDLE_IDENTIFIER = Pavel.PlayingCard;
				PRODUCT_NAME = "$(TARGET_NAME)";
				SWIFT_EMIT_LOC_STRINGS = YES;
				SWIFT_VERSION = 5.0;
				TARGETED_DEVICE_FAMILY = "1,2";
			};
			name = Release;
		};
/* End XCBuildConfiguration section */

/* Begin XCConfigurationList section */
		2D5D2F232948D5810001C6AA /* Build configuration list for PBXProject "PlayingCard" */ = {
			isa = XCConfigurationList;
			buildConfigurations = (
				2D5D2F3A2948D5830001C6AA /* Debug */,
				2D5D2F3B2948D5830001C6AA /* Release */,
			);
			defaultConfigurationIsVisible = 0;
			defaultConfigurationName = Release;
		};
		2D5D2F3C2948D5830001C6AA /* Build configuration list for PBXNativeTarget "PlayingCard" */ = {
			isa = XCConfigurationList;
			buildConfigurations = (
				2D5D2F3D2948D5830001C6AA /* Debug */,
				2D5D2F3E2948D5830001C6AA /* Release */,
			);
			defaultConfigurationIsVisible = 0;
			defaultConfigurationName = Release;
		};
/* End XCConfigurationList section */
	};
	rootObject = 2D5D2F202948D5810001C6AA /* Project object */;
}
